
Microsoft Visual Studio Solution File, Format Version 12.00
# Visual Studio Version 16
VisualStudioVersion = 16.0.30011.22
MinimumVisualStudioVersion = 10.0.40219.1
Project("{FAE04EC0-301F-11D3-BF4B-00C04F79EFBC}") = "Lib 3.4 1 exp", "Lib 3.4 1 exp\Lib 3.4 1 exp.csproj", "{668CE64C-4BBE-4C87-95D1-C312C5FCEC06}"
EndProject
Global
	GlobalSection(SolutionConfigurationPlatforms) = preSolution
		Debug|Any CPU = Debug|Any CPU
		Release|Any CPU = Release|Any CPU
	EndGlobalSection
	GlobalSection(ProjectConfigurationPlatforms) = postSolution
		{668CE64C-4BBE-4C87-95D1-C312C5FCEC06}.Debug|Any CPU.ActiveCfg = Debug|Any CPU
		{668CE64C-4BBE-4C87-95D1-C312C5FCEC06}.Debug|Any CPU.Build.0 = Debug|Any CPU
		{668CE64C-4BBE-4C87-95D1-C312C5FCEC06}.Release|Any CPU.ActiveCfg = Release|Any CPU
		{668CE64C-4BBE-4C87-95D1-C312C5FCEC06}.Release|Any CPU.Build.0 = Release|Any CPU
	EndGlobalSection
	GlobalSection(SolutionProperties) = preSolution
		HideSolutionNode = FALSE
	EndGlobalSection
	GlobalSection(ExtensibilityGlobals) = postSolution
		SolutionGuid = {6D6B6E9B-1D52-4BF7-964E-BD1FDD13CDD3}
	EndGlobalSection
EndGlobal
