
Microsoft Visual Studio Solution File, Format Version 12.00
# Visual Studio Version 16
VisualStudioVersion = 16.0.30011.22
MinimumVisualStudioVersion = 10.0.40219.1
Project("{FAE04EC0-301F-11D3-BF4B-00C04F79EFBC}") = "Lib 3.4", "Lib 3.4\Lib 3.4.csproj", "{147D939C-29F1-45B8-8919-88FE3B7654ED}"
EndProject
Global
	GlobalSection(SolutionConfigurationPlatforms) = preSolution
		Debug|Any CPU = Debug|Any CPU
		Release|Any CPU = Release|Any CPU
	EndGlobalSection
	GlobalSection(ProjectConfigurationPlatforms) = postSolution
		{147D939C-29F1-45B8-8919-88FE3B7654ED}.Debug|Any CPU.ActiveCfg = Debug|Any CPU
		{147D939C-29F1-45B8-8919-88FE3B7654ED}.Debug|Any CPU.Build.0 = Debug|Any CPU
		{147D939C-29F1-45B8-8919-88FE3B7654ED}.Release|Any CPU.ActiveCfg = Release|Any CPU
		{147D939C-29F1-45B8-8919-88FE3B7654ED}.Release|Any CPU.Build.0 = Release|Any CPU
	EndGlobalSection
	GlobalSection(SolutionProperties) = preSolution
		HideSolutionNode = FALSE
	EndGlobalSection
	GlobalSection(ExtensibilityGlobals) = postSolution
		SolutionGuid = {CE2A02CF-7CC7-44ED-B56B-298412479B39}
	EndGlobalSection
EndGlobal
